
Microsoft Visual Studio Solution File, Format Version 12.00
# Visual Studio Version 16
VisualStudioVersion = 16.0.31424.327
MinimumVisualStudioVersion = 10.0.40219.1
Project("{FAE04EC0-301F-11D3-BF4B-00C04F79EFBC}") = "ConsoleApp2", "ConsoleApp2\ConsoleApp2.csproj", "{327FD4F9-0746-417A-9A5C-D4D1B3C2113B}"
EndProject
Global
	GlobalSection(SolutionConfigurationPlatforms) = preSolution
		Debug|Any CPU = Debug|Any CPU
		Release|Any CPU = Release|Any CPU
	EndGlobalSection
	GlobalSection(ProjectConfigurationPlatforms) = postSolution
		{327FD4F9-0746-417A-9A5C-D4D1B3C2113B}.Debug|Any CPU.ActiveCfg = Debug|Any CPU
		{327FD4F9-0746-417A-9A5C-D4D1B3C2113B}.Debug|Any CPU.Build.0 = Debug|Any CPU
		{327FD4F9-0746-417A-9A5C-D4D1B3C2113B}.Release|Any CPU.ActiveCfg = Release|Any CPU
		{327FD4F9-0746-417A-9A5C-D4D1B3C2113B}.Release|Any CPU.Build.0 = Release|Any CPU
	EndGlobalSection
	GlobalSection(SolutionProperties) = preSolution
		HideSolutionNode = FALSE
	EndGlobalSection
	GlobalSection(ExtensibilityGlobals) = postSolution
		SolutionGuid = {FD5A7792-E920-4F0E-9B67-DD29E4C98AC9}
	EndGlobalSection
EndGlobal
