
Microsoft Visual Studio Solution File, Format Version 12.00
# Visual Studio Version 16
VisualStudioVersion = 16.0.31424.327
MinimumVisualStudioVersion = 10.0.40219.1
Project("{FAE04EC0-301F-11D3-BF4B-00C04F79EFBC}") = "ReferenceAndArrayExecise", "ReferenceAndArrayExecise.csproj", "{DFDE041E-B4D1-4D0C-AB4E-AF72EFFB1118}"
EndProject
Global
	GlobalSection(SolutionConfigurationPlatforms) = preSolution
		Debug|Any CPU = Debug|Any CPU
		Release|Any CPU = Release|Any CPU
	EndGlobalSection
	GlobalSection(ProjectConfigurationPlatforms) = postSolution
		{DFDE041E-B4D1-4D0C-AB4E-AF72EFFB1118}.Debug|Any CPU.ActiveCfg = Debug|Any CPU
		{DFDE041E-B4D1-4D0C-AB4E-AF72EFFB1118}.Debug|Any CPU.Build.0 = Debug|Any CPU
		{DFDE041E-B4D1-4D0C-AB4E-AF72EFFB1118}.Release|Any CPU.ActiveCfg = Release|Any CPU
		{DFDE041E-B4D1-4D0C-AB4E-AF72EFFB1118}.Release|Any CPU.Build.0 = Release|Any CPU
	EndGlobalSection
	GlobalSection(SolutionProperties) = preSolution
		HideSolutionNode = FALSE
	EndGlobalSection
	GlobalSection(ExtensibilityGlobals) = postSolution
		SolutionGuid = {C0789AD6-1851-476D-A369-7F44D43EC6C8}
	EndGlobalSection
EndGlobal
