
Microsoft Visual Studio Solution File, Format Version 12.00
# Visual Studio Version 16
VisualStudioVersion = 16.0.31729.503
MinimumVisualStudioVersion = 10.0.40219.1
Project("{FAE04EC0-301F-11D3-BF4B-00C04F79EFBC}") = "Inheritance_and_VirtualMethods", "Inheritance_and_VirtualMethods.csproj", "{8915B8EF-814E-40C8-A22D-94C750F44D9B}"
EndProject
Project("{FAE04EC0-301F-11D3-BF4B-00C04F79EFBC}") = "ClassLibraryInheritance", "..\ClassLibraryInheritance\ClassLibraryInheritance.csproj", "{A640656A-503B-46AD-AA46-FFA89456244B}"
EndProject
Global
	GlobalSection(SolutionConfigurationPlatforms) = preSolution
		Debug|Any CPU = Debug|Any CPU
		Release|Any CPU = Release|Any CPU
	EndGlobalSection
	GlobalSection(ProjectConfigurationPlatforms) = postSolution
		{8915B8EF-814E-40C8-A22D-94C750F44D9B}.Debug|Any CPU.ActiveCfg = Debug|Any CPU
		{8915B8EF-814E-40C8-A22D-94C750F44D9B}.Debug|Any CPU.Build.0 = Debug|Any CPU
		{8915B8EF-814E-40C8-A22D-94C750F44D9B}.Release|Any CPU.ActiveCfg = Release|Any CPU
		{8915B8EF-814E-40C8-A22D-94C750F44D9B}.Release|Any CPU.Build.0 = Release|Any CPU
		{A640656A-503B-46AD-AA46-FFA89456244B}.Debug|Any CPU.ActiveCfg = Debug|Any CPU
		{A640656A-503B-46AD-AA46-FFA89456244B}.Debug|Any CPU.Build.0 = Debug|Any CPU
		{A640656A-503B-46AD-AA46-FFA89456244B}.Release|Any CPU.ActiveCfg = Release|Any CPU
		{A640656A-503B-46AD-AA46-FFA89456244B}.Release|Any CPU.Build.0 = Release|Any CPU
	EndGlobalSection
	GlobalSection(SolutionProperties) = preSolution
		HideSolutionNode = FALSE
	EndGlobalSection
	GlobalSection(ExtensibilityGlobals) = postSolution
		SolutionGuid = {A5D7A3B7-6C20-4067-8CA2-3E1760EC3B1E}
	EndGlobalSection
EndGlobal
