
Microsoft Visual Studio Solution File, Format Version 12.00
# Visual Studio Version 16
VisualStudioVersion = 16.0.31729.503
MinimumVisualStudioVersion = 10.0.40219.1
Project("{FAE04EC0-301F-11D3-BF4B-00C04F79EFBC}") = "Hidding_and_Virtual", "Hidding_and_Virtual.csproj", "{FA833AF1-20AA-4574-B188-AEAF361F1988}"
EndProject
Project("{FAE04EC0-301F-11D3-BF4B-00C04F79EFBC}") = "ClassLibrary", "..\ClassLibrary\ClassLibrary.csproj", "{1C3C2F1E-F7F8-43CE-8B04-61465D20AF1C}"
EndProject
Global
	GlobalSection(SolutionConfigurationPlatforms) = preSolution
		Debug|Any CPU = Debug|Any CPU
		Release|Any CPU = Release|Any CPU
	EndGlobalSection
	GlobalSection(ProjectConfigurationPlatforms) = postSolution
		{FA833AF1-20AA-4574-B188-AEAF361F1988}.Debug|Any CPU.ActiveCfg = Debug|Any CPU
		{FA833AF1-20AA-4574-B188-AEAF361F1988}.Debug|Any CPU.Build.0 = Debug|Any CPU
		{FA833AF1-20AA-4574-B188-AEAF361F1988}.Release|Any CPU.ActiveCfg = Release|Any CPU
		{FA833AF1-20AA-4574-B188-AEAF361F1988}.Release|Any CPU.Build.0 = Release|Any CPU
		{1C3C2F1E-F7F8-43CE-8B04-61465D20AF1C}.Debug|Any CPU.ActiveCfg = Debug|Any CPU
		{1C3C2F1E-F7F8-43CE-8B04-61465D20AF1C}.Debug|Any CPU.Build.0 = Debug|Any CPU
		{1C3C2F1E-F7F8-43CE-8B04-61465D20AF1C}.Release|Any CPU.ActiveCfg = Release|Any CPU
		{1C3C2F1E-F7F8-43CE-8B04-61465D20AF1C}.Release|Any CPU.Build.0 = Release|Any CPU
	EndGlobalSection
	GlobalSection(SolutionProperties) = preSolution
		HideSolutionNode = FALSE
	EndGlobalSection
	GlobalSection(ExtensibilityGlobals) = postSolution
		SolutionGuid = {934BC82B-C567-4454-9C08-DE4923AABAF6}
	EndGlobalSection
EndGlobal
